
Microsoft Visual Studio Solution File, Format Version 12.00
# Visual Studio 15
VisualStudioVersion = 15.0.28010.2026
MinimumVisualStudioVersion = 10.0.40219.1
Project("{FAE04EC0-301F-11D3-BF4B-00C04F79EFBC}") = "WindowsFormsApp1", "WindowsFormsApp1.csproj", "{3D007F17-F704-4944-8833-D77B63903A32}"
EndProject
Global
	GlobalSection(SolutionConfigurationPlatforms) = preSolution
		Debug|Any CPU = Debug|Any CPU
		Release|Any CPU = Release|Any CPU
	EndGlobalSection
	GlobalSection(ProjectConfigurationPlatforms) = postSolution
		{3D007F17-F704-4944-8833-D77B63903A32}.Debug|Any CPU.ActiveCfg = Debug|Any CPU
		{3D007F17-F704-4944-8833-D77B63903A32}.Debug|Any CPU.Build.0 = Debug|Any CPU
		{3D007F17-F704-4944-8833-D77B63903A32}.Release|Any CPU.ActiveCfg = Release|Any CPU
		{3D007F17-F704-4944-8833-D77B63903A32}.Release|Any CPU.Build.0 = Release|Any CPU
	EndGlobalSection
	GlobalSection(SolutionProperties) = preSolution
		HideSolutionNode = FALSE
	EndGlobalSection
	GlobalSection(ExtensibilityGlobals) = postSolution
		SolutionGuid = {6B7E7120-864E-4029-9A40-0F87F0D5E6B5}
	EndGlobalSection
EndGlobal
